
Microsoft Visual Studio Solution File, Format Version 12.00
# Visual Studio Version 16
VisualStudioVersion = 16.0.30225.117
MinimumVisualStudioVersion = 10.0.40219.1
Project("{FAE04EC0-301F-11D3-BF4B-00C04F79EFBC}") = "HowdyHack2020.App", "HowdyHack2020.App\HowdyHack2020.App.csproj", "{4D1F24C4-C82A-4B1C-8C7A-40219BA64A1C}"
EndProject
Project("{9A19103F-16F7-4668-BE54-9A1E7A4F7556}") = "HowdyHack2020.Core", "HowdyHack2020.Core\HowdyHack2020.Core.csproj", "{3742F290-ACEF-4E6B-A7E1-D768F70F9AAB}"
EndProject
Project("{FAE04EC0-301F-11D3-BF4B-00C04F79EFBC}") = "HowdyHack2020.UWP", "HowdyHack2020\HowdyHack2020.UWP\HowdyHack2020.UWP.csproj", "{CE83BDF2-493B-4082-A73A-6C15CB01FDE5}"
EndProject
Project("{FAE04EC0-301F-11D3-BF4B-00C04F79EFBC}") = "HowdyHack2020.Android", "HowdyHack2020\HowdyHack2020.Android\HowdyHack2020.Android.csproj", "{40962561-F008-4189-A63A-6A9AEDD54BC6}"
EndProject
Project("{FAE04EC0-301F-11D3-BF4B-00C04F79EFBC}") = "HowdyHack2020.iOS", "HowdyHack2020\HowdyHack2020.iOS\HowdyHack2020.iOS.csproj", "{CEEEE8F3-1B24-46E8-8F57-778A516F019B}"
EndProject
Project("{FAE04EC0-301F-11D3-BF4B-00C04F79EFBC}") = "HowdyHack2020", "HowdyHack2020\HowdyHack2020\HowdyHack2020.csproj", "{4FEC98A1-0C7B-4C7B-8212-EFE8316DE6FB}"
EndProject
Global
	GlobalSection(SolutionConfigurationPlatforms) = preSolution
		Debug|Any CPU = Debug|Any CPU
		Debug|ARM = Debug|ARM
		Debug|iPhone = Debug|iPhone
		Debug|iPhoneSimulator = Debug|iPhoneSimulator
		Debug|x64 = Debug|x64
		Debug|x86 = Debug|x86
		Release|Any CPU = Release|Any CPU
		Release|ARM = Release|ARM
		Release|iPhone = Release|iPhone
		Release|iPhoneSimulator = Release|iPhoneSimulator
		Release|x64 = Release|x64
		Release|x86 = Release|x86
	EndGlobalSection
	GlobalSection(ProjectConfigurationPlatforms) = postSolution
		{4D1F24C4-C82A-4B1C-8C7A-40219BA64A1C}.Debug|Any CPU.ActiveCfg = Debug|Any CPU
		{4D1F24C4-C82A-4B1C-8C7A-40219BA64A1C}.Debug|Any CPU.Build.0 = Debug|Any CPU
		{4D1F24C4-C82A-4B1C-8C7A-40219BA64A1C}.Debug|Any CPU.Deploy.0 = Debug|Any CPU
		{4D1F24C4-C82A-4B1C-8C7A-40219BA64A1C}.Debug|ARM.ActiveCfg = Debug|Any CPU
		{4D1F24C4-C82A-4B1C-8C7A-40219BA64A1C}.Debug|ARM.Build.0 = Debug|Any CPU
		{4D1F24C4-C82A-4B1C-8C7A-40219BA64A1C}.Debug|ARM.Deploy.0 = Debug|Any CPU
		{4D1F24C4-C82A-4B1C-8C7A-40219BA64A1C}.Debug|iPhone.ActiveCfg = Debug|Any CPU
		{4D1F24C4-C82A-4B1C-8C7A-40219BA64A1C}.Debug|iPhone.Build.0 = Debug|Any CPU
		{4D1F24C4-C82A-4B1C-8C7A-40219BA64A1C}.Debug|iPhone.Deploy.0 = Debug|Any CPU
		{4D1F24C4-C82A-4B1C-8C7A-40219BA64A1C}.Debug|iPhoneSimulator.ActiveCfg = Debug|Any CPU
		{4D1F24C4-C82A-4B1C-8C7A-40219BA64A1C}.Debug|iPhoneSimulator.Build.0 = Debug|Any CPU
		{4D1F24C4-C82A-4B1C-8C7A-40219BA64A1C}.Debug|iPhoneSimulator.Deploy.0 = Debug|Any CPU
		{4D1F24C4-C82A-4B1C-8C7A-40219BA64A1C}.Debug|x64.ActiveCfg = Debug|Any CPU
		{4D1F24C4-C82A-4B1C-8C7A-40219BA64A1C}.Debug|x64.Build.0 = Debug|Any CPU
		{4D1F24C4-C82A-4B1C-8C7A-40219BA64A1C}.Debug|x64.Deploy.0 = Debug|Any CPU
		{4D1F24C4-C82A-4B1C-8C7A-40219BA64A1C}.Debug|x86.ActiveCfg = Debug|Any CPU
		{4D1F24C4-C82A-4B1C-8C7A-40219BA64A1C}.Debug|x86.Build.0 = Debug|Any CPU
		{4D1F24C4-C82A-4B1C-8C7A-40219BA64A1C}.Debug|x86.Deploy.0 = Debug|Any CPU
		{4D1F24C4-C82A-4B1C-8C7A-40219BA64A1C}.Release|Any CPU.ActiveCfg = Release|Any CPU
		{4D1F24C4-C82A-4B1C-8C7A-40219BA64A1C}.Release|Any CPU.Build.0 = Release|Any CPU
		{4D1F24C4-C82A-4B1C-8C7A-40219BA64A1C}.Release|Any CPU.Deploy.0 = Release|Any CPU
		{4D1F24C4-C82A-4B1C-8C7A-40219BA64A1C}.Release|ARM.ActiveCfg = Release|Any CPU
		{4D1F24C4-C82A-4B1C-8C7A-40219BA64A1C}.Release|ARM.Build.0 = Release|Any CPU
		{4D1F24C4-C82A-4B1C-8C7A-40219BA64A1C}.Release|ARM.Deploy.0 = Release|Any CPU
		{4D1F24C4-C82A-4B1C-8C7A-40219BA64A1C}.Release|iPhone.ActiveCfg = Release|Any CPU
		{4D1F24C4-C82A-4B1C-8C7A-40219BA64A1C}.Release|iPhone.Build.0 = Release|Any CPU
		{4D1F24C4-C82A-4B1C-8C7A-40219BA64A1C}.Release|iPhone.Deploy.0 = Release|Any CPU
		{4D1F24C4-C82A-4B1C-8C7A-40219BA64A1C}.Release|iPhoneSimulator.ActiveCfg = Release|Any CPU
		{4D1F24C4-C82A-4B1C-8C7A-40219BA64A1C}.Release|iPhoneSimulator.Build.0 = Release|Any CPU
		{4D1F24C4-C82A-4B1C-8C7A-40219BA64A1C}.Release|iPhoneSimulator.Deploy.0 = Release|Any CPU
		{4D1F24C4-C82A-4B1C-8C7A-40219BA64A1C}.Release|x64.ActiveCfg = Release|Any CPU
		{4D1F24C4-C82A-4B1C-8C7A-40219BA64A1C}.Release|x64.Build.0 = Release|Any CPU
		{4D1F24C4-C82A-4B1C-8C7A-40219BA64A1C}.Release|x64.Deploy.0 = Release|Any CPU
		{4D1F24C4-C82A-4B1C-8C7A-40219BA64A1C}.Release|x86.ActiveCfg = Release|Any CPU
		{4D1F24C4-C82A-4B1C-8C7A-40219BA64A1C}.Release|x86.Build.0 = Release|Any CPU
		{4D1F24C4-C82A-4B1C-8C7A-40219BA64A1C}.Release|x86.Deploy.0 = Release|Any CPU
		{3742F290-ACEF-4E6B-A7E1-D768F70F9AAB}.Debug|Any CPU.ActiveCfg = Debug|Any CPU
		{3742F290-ACEF-4E6B-A7E1-D768F70F9AAB}.Debug|Any CPU.Build.0 = Debug|Any CPU
		{3742F290-ACEF-4E6B-A7E1-D768F70F9AAB}.Debug|ARM.ActiveCfg = Debug|Any CPU
		{3742F290-ACEF-4E6B-A7E1-D768F70F9AAB}.Debug|ARM.Build.0 = Debug|Any CPU
		{3742F290-ACEF-4E6B-A7E1-D768F70F9AAB}.Debug|iPhone.ActiveCfg = Debug|Any CPU
		{3742F290-ACEF-4E6B-A7E1-D768F70F9AAB}.Debug|iPhone.Build.0 = Debug|Any CPU
		{3742F290-ACEF-4E6B-A7E1-D768F70F9AAB}.Debug|iPhoneSimulator.ActiveCfg = Debug|Any CPU
		{3742F290-ACEF-4E6B-A7E1-D768F70F9AAB}.Debug|iPhoneSimulator.Build.0 = Debug|Any CPU
		{3742F290-ACEF-4E6B-A7E1-D768F70F9AAB}.Debug|x64.ActiveCfg = Debug|Any CPU
		{3742F290-ACEF-4E6B-A7E1-D768F70F9AAB}.Debug|x64.Build.0 = Debug|Any CPU
		{3742F290-ACEF-4E6B-A7E1-D768F70F9AAB}.Debug|x86.ActiveCfg = Debug|Any CPU
		{3742F290-ACEF-4E6B-A7E1-D768F70F9AAB}.Debug|x86.Build.0 = Debug|Any CPU
		{3742F290-ACEF-4E6B-A7E1-D768F70F9AAB}.Release|Any CPU.ActiveCfg = Release|Any CPU
		{3742F290-ACEF-4E6B-A7E1-D768F70F9AAB}.Release|Any CPU.Build.0 = Release|Any CPU
		{3742F290-ACEF-4E6B-A7E1-D768F70F9AAB}.Release|ARM.ActiveCfg = Release|Any CPU
		{3742F290-ACEF-4E6B-A7E1-D768F70F9AAB}.Release|ARM.Build.0 = Release|Any CPU
		{3742F290-ACEF-4E6B-A7E1-D768F70F9AAB}.Release|iPhone.ActiveCfg = Release|Any CPU
		{3742F290-ACEF-4E6B-A7E1-D768F70F9AAB}.Release|iPhone.Build.0 = Release|Any CPU
		{3742F290-ACEF-4E6B-A7E1-D768F70F9AAB}.Release|iPhoneSimulator.ActiveCfg = Release|Any CPU
		{3742F290-ACEF-4E6B-A7E1-D768F70F9AAB}.Release|iPhoneSimulator.Build.0 = Release|Any CPU
		{3742F290-ACEF-4E6B-A7E1-D768F70F9AAB}.Release|x64.ActiveCfg = Release|Any CPU
		{3742F290-ACEF-4E6B-A7E1-D768F70F9AAB}.Release|x64.Build.0 = Release|Any CPU
		{3742F290-ACEF-4E6B-A7E1-D768F70F9AAB}.Release|x86.ActiveCfg = Release|Any CPU
		{3742F290-ACEF-4E6B-A7E1-D768F70F9AAB}.Release|x86.Build.0 = Release|Any CPU
		{CE83BDF2-493B-4082-A73A-6C15CB01FDE5}.Debug|Any CPU.ActiveCfg = Debug|x86
		{CE83BDF2-493B-4082-A73A-6C15CB01FDE5}.Debug|ARM.ActiveCfg = Debug|ARM
		{CE83BDF2-493B-4082-A73A-6C15CB01FDE5}.Debug|ARM.Build.0 = Debug|ARM
		{CE83BDF2-493B-4082-A73A-6C15CB01FDE5}.Debug|ARM.Deploy.0 = Debug|ARM
		{CE83BDF2-493B-4082-A73A-6C15CB01FDE5}.Debug|iPhone.ActiveCfg = Debug|x86
		{CE83BDF2-493B-4082-A73A-6C15CB01FDE5}.Debug|iPhoneSimulator.ActiveCfg = Debug|x86
		{CE83BDF2-493B-4082-A73A-6C15CB01FDE5}.Debug|x64.ActiveCfg = Debug|x64
		{CE83BDF2-493B-4082-A73A-6C15CB01FDE5}.Debug|x64.Build.0 = Debug|x64
		{CE83BDF2-493B-4082-A73A-6C15CB01FDE5}.Debug|x64.Deploy.0 = Debug|x64
		{CE83BDF2-493B-4082-A73A-6C15CB01FDE5}.Debug|x86.ActiveCfg = Debug|x86
		{CE83BDF2-493B-4082-A73A-6C15CB01FDE5}.Debug|x86.Build.0 = Debug|x86
		{CE83BDF2-493B-4082-A73A-6C15CB01FDE5}.Debug|x86.Deploy.0 = Debug|x86
		{CE83BDF2-493B-4082-A73A-6C15CB01FDE5}.Release|Any CPU.ActiveCfg = Release|x86
		{CE83BDF2-493B-4082-A73A-6C15CB01FDE5}.Release|ARM.ActiveCfg = Release|ARM
		{CE83BDF2-493B-4082-A73A-6C15CB01FDE5}.Release|ARM.Build.0 = Release|ARM
		{CE83BDF2-493B-4082-A73A-6C15CB01FDE5}.Release|ARM.Deploy.0 = Release|ARM
		{CE83BDF2-493B-4082-A73A-6C15CB01FDE5}.Release|iPhone.ActiveCfg = Release|x86
		{CE83BDF2-493B-4082-A73A-6C15CB01FDE5}.Release|iPhoneSimulator.ActiveCfg = Release|x86
		{CE83BDF2-493B-4082-A73A-6C15CB01FDE5}.Release|x64.ActiveCfg = Release|x64
		{CE83BDF2-493B-4082-A73A-6C15CB01FDE5}.Release|x64.Build.0 = Release|x64
		{CE83BDF2-493B-4082-A73A-6C15CB01FDE5}.Release|x64.Deploy.0 = Release|x64
		{CE83BDF2-493B-4082-A73A-6C15CB01FDE5}.Release|x86.ActiveCfg = Release|x86
		{CE83BDF2-493B-4082-A73A-6C15CB01FDE5}.Release|x86.Build.0 = Release|x86
		{CE83BDF2-493B-4082-A73A-6C15CB01FDE5}.Release|x86.Deploy.0 = Release|x86
		{40962561-F008-4189-A63A-6A9AEDD54BC6}.Debug|Any CPU.ActiveCfg = Debug|Any CPU
		{40962561-F008-4189-A63A-6A9AEDD54BC6}.Debug|Any CPU.Build.0 = Debug|Any CPU
		{40962561-F008-4189-A63A-6A9AEDD54BC6}.Debug|Any CPU.Deploy.0 = Debug|Any CPU
		{40962561-F008-4189-A63A-6A9AEDD54BC6}.Debug|ARM.ActiveCfg = Debug|Any CPU
		{40962561-F008-4189-A63A-6A9AEDD54BC6}.Debug|ARM.Build.0 = Debug|Any CPU
		{40962561-F008-4189-A63A-6A9AEDD54BC6}.Debug|ARM.Deploy.0 = Debug|Any CPU
		{40962561-F008-4189-A63A-6A9AEDD54BC6}.Debug|iPhone.ActiveCfg = Debug|Any CPU
		{40962561-F008-4189-A63A-6A9AEDD54BC6}.Debug|iPhone.Build.0 = Debug|Any CPU
		{40962561-F008-4189-A63A-6A9AEDD54BC6}.Debug|iPhone.Deploy.0 = Debug|Any CPU
		{40962561-F008-4189-A63A-6A9AEDD54BC6}.Debug|iPhoneSimulator.ActiveCfg = Debug|Any CPU
		{40962561-F008-4189-A63A-6A9AEDD54BC6}.Debug|iPhoneSimulator.Build.0 = Debug|Any CPU
		{40962561-F008-4189-A63A-6A9AEDD54BC6}.Debug|iPhoneSimulator.Deploy.0 = Debug|Any CPU
		{40962561-F008-4189-A63A-6A9AEDD54BC6}.Debug|x64.ActiveCfg = Debug|Any CPU
		{40962561-F008-4189-A63A-6A9AEDD54BC6}.Debug|x64.Build.0 = Debug|Any CPU
		{40962561-F008-4189-A63A-6A9AEDD54BC6}.Debug|x64.Deploy.0 = Debug|Any CPU
		{40962561-F008-4189-A63A-6A9AEDD54BC6}.Debug|x86.ActiveCfg = Debug|Any CPU
		{40962561-F008-4189-A63A-6A9AEDD54BC6}.Debug|x86.Build.0 = Debug|Any CPU
		{40962561-F008-4189-A63A-6A9AEDD54BC6}.Debug|x86.Deploy.0 = Debug|Any CPU
		{40962561-F008-4189-A63A-6A9AEDD54BC6}.Release|Any CPU.ActiveCfg = Release|Any CPU
		{40962561-F008-4189-A63A-6A9AEDD54BC6}.Release|Any CPU.Build.0 = Release|Any CPU
		{40962561-F008-4189-A63A-6A9AEDD54BC6}.Release|Any CPU.Deploy.0 = Release|Any CPU
		{40962561-F008-4189-A63A-6A9AEDD54BC6}.Release|ARM.ActiveCfg = Release|Any CPU
		{40962561-F008-4189-A63A-6A9AEDD54BC6}.Release|ARM.Build.0 = Release|Any CPU
		{40962561-F008-4189-A63A-6A9AEDD54BC6}.Release|ARM.Deploy.0 = Release|Any CPU
		{40962561-F008-4189-A63A-6A9AEDD54BC6}.Release|iPhone.ActiveCfg = Release|Any CPU
		{40962561-F008-4189-A63A-6A9AEDD54BC6}.Release|iPhone.Build.0 = Release|Any CPU
		{40962561-F008-4189-A63A-6A9AEDD54BC6}.Release|iPhone.Deploy.0 = Release|Any CPU
		{40962561-F008-4189-A63A-6A9AEDD54BC6}.Release|iPhoneSimulator.ActiveCfg = Release|Any CPU
		{40962561-F008-4189-A63A-6A9AEDD54BC6}.Release|iPhoneSimulator.Build.0 = Release|Any CPU
		{40962561-F008-4189-A63A-6A9AEDD54BC6}.Release|iPhoneSimulator.Deploy.0 = Release|Any CPU
		{40962561-F008-4189-A63A-6A9AEDD54BC6}.Release|x64.ActiveCfg = Release|Any CPU
		{40962561-F008-4189-A63A-6A9AEDD54BC6}.Release|x64.Build.0 = Release|Any CPU
		{40962561-F008-4189-A63A-6A9AEDD54BC6}.Release|x64.Deploy.0 = Release|Any CPU
		{40962561-F008-4189-A63A-6A9AEDD54BC6}.Release|x86.ActiveCfg = Release|Any CPU
		{40962561-F008-4189-A63A-6A9AEDD54BC6}.Release|x86.Build.0 = Release|Any CPU
		{40962561-F008-4189-A63A-6A9AEDD54BC6}.Release|x86.Deploy.0 = Release|Any CPU
		{CEEEE8F3-1B24-46E8-8F57-778A516F019B}.Debug|Any CPU.ActiveCfg = Debug|iPhone
		{CEEEE8F3-1B24-46E8-8F57-778A516F019B}.Debug|ARM.ActiveCfg = Debug|iPhone
		{CEEEE8F3-1B24-46E8-8F57-778A516F019B}.Debug|iPhone.ActiveCfg = Debug|iPhone
		{CEEEE8F3-1B24-46E8-8F57-778A516F019B}.Debug|iPhone.Build.0 = Debug|iPhone
		{CEEEE8F3-1B24-46E8-8F57-778A516F019B}.Debug|iPhoneSimulator.ActiveCfg = Debug|iPhoneSimulator
		{CEEEE8F3-1B24-46E8-8F57-778A516F019B}.Debug|iPhoneSimulator.Build.0 = Debug|iPhoneSimulator
		{CEEEE8F3-1B24-46E8-8F57-778A516F019B}.Debug|x64.ActiveCfg = Debug|iPhone
		{CEEEE8F3-1B24-46E8-8F57-778A516F019B}.Debug|x86.ActiveCfg = Debug|iPhone
		{CEEEE8F3-1B24-46E8-8F57-778A516F019B}.Release|Any CPU.ActiveCfg = Release|iPhone
		{CEEEE8F3-1B24-46E8-8F57-778A516F019B}.Release|ARM.ActiveCfg = Release|iPhone
		{CEEEE8F3-1B24-46E8-8F57-778A516F019B}.Release|iPhone.ActiveCfg = Release|iPhone
		{CEEEE8F3-1B24-46E8-8F57-778A516F019B}.Release|iPhone.Build.0 = Release|iPhone
		{CEEEE8F3-1B24-46E8-8F57-778A516F019B}.Release|iPhoneSimulator.ActiveCfg = Release|iPhoneSimulator
		{CEEEE8F3-1B24-46E8-8F57-778A516F019B}.Release|iPhoneSimulator.Build.0 = Release|iPhoneSimulator
		{CEEEE8F3-1B24-46E8-8F57-778A516F019B}.Release|x64.ActiveCfg = Release|iPhone
		{CEEEE8F3-1B24-46E8-8F57-778A516F019B}.Release|x86.ActiveCfg = Release|iPhone
		{4FEC98A1-0C7B-4C7B-8212-EFE8316DE6FB}.Debug|Any CPU.ActiveCfg = Debug|Any CPU
		{4FEC98A1-0C7B-4C7B-8212-EFE8316DE6FB}.Debug|Any CPU.Build.0 = Debug|Any CPU
		{4FEC98A1-0C7B-4C7B-8212-EFE8316DE6FB}.Debug|ARM.ActiveCfg = Debug|Any CPU
		{4FEC98A1-0C7B-4C7B-8212-EFE8316DE6FB}.Debug|ARM.Build.0 = Debug|Any CPU
		{4FEC98A1-0C7B-4C7B-8212-EFE8316DE6FB}.Debug|iPhone.ActiveCfg = Debug|Any CPU
		{4FEC98A1-0C7B-4C7B-8212-EFE8316DE6FB}.Debug|iPhone.Build.0 = Debug|Any CPU
		{4FEC98A1-0C7B-4C7B-8212-EFE8316DE6FB}.Debug|iPhoneSimulator.ActiveCfg = Debug|Any CPU
		{4FEC98A1-0C7B-4C7B-8212-EFE8316DE6FB}.Debug|iPhoneSimulator.Build.0 = Debug|Any CPU
		{4FEC98A1-0C7B-4C7B-8212-EFE8316DE6FB}.Debug|x64.ActiveCfg = Debug|Any CPU
		{4FEC98A1-0C7B-4C7B-8212-EFE8316DE6FB}.Debug|x64.Build.0 = Debug|Any CPU
		{4FEC98A1-0C7B-4C7B-8212-EFE8316DE6FB}.Debug|x86.ActiveCfg = Debug|Any CPU
		{4FEC98A1-0C7B-4C7B-8212-EFE8316DE6FB}.Debug|x86.Build.0 = Debug|Any CPU
		{4FEC98A1-0C7B-4C7B-8212-EFE8316DE6FB}.Release|Any CPU.ActiveCfg = Release|Any CPU
		{4FEC98A1-0C7B-4C7B-8212-EFE8316DE6FB}.Release|Any CPU.Build.0 = Release|Any CPU
		{4FEC98A1-0C7B-4C7B-8212-EFE8316DE6FB}.Release|ARM.ActiveCfg = Release|Any CPU
		{4FEC98A1-0C7B-4C7B-8212-EFE8316DE6FB}.Release|ARM.Build.0 = Release|Any CPU
		{4FEC98A1-0C7B-4C7B-8212-EFE8316DE6FB}.Release|iPhone.ActiveCfg = Release|Any CPU
		{4FEC98A1-0C7B-4C7B-8212-EFE8316DE6FB}.Release|iPhone.Build.0 = Release|Any CPU
		{4FEC98A1-0C7B-4C7B-8212-EFE8316DE6FB}.Release|iPhoneSimulator.ActiveCfg = Release|Any CPU
		{4FEC98A1-0C7B-4C7B-8212-EFE8316DE6FB}.Release|iPhoneSimulator.Build.0 = Release|Any CPU
		{4FEC98A1-0C7B-4C7B-8212-EFE8316DE6FB}.Release|x64.ActiveCfg = Release|Any CPU
		{4FEC98A1-0C7B-4C7B-8212-EFE8316DE6FB}.Release|x64.Build.0 = Release|Any CPU
		{4FEC98A1-0C7B-4C7B-8212-EFE8316DE6FB}.Release|x86.ActiveCfg = Release|Any CPU
		{4FEC98A1-0C7B-4C7B-8212-EFE8316DE6FB}.Release|x86.Build.0 = Release|Any CPU
	EndGlobalSection
	GlobalSection(SolutionProperties) = preSolution
		HideSolutionNode = FALSE
	EndGlobalSection
	GlobalSection(ExtensibilityGlobals) = postSolution
		SolutionGuid = {B7600AF2-79BB-454A-BAFE-68CFD5B63345}
	EndGlobalSection
EndGlobal
