
Microsoft Visual Studio Solution File, Format Version 12.00
# Visual Studio Version 16
VisualStudioVersion = 16.0.30225.117
MinimumVisualStudioVersion = 10.0.40219.1
Project("{FAE04EC0-301F-11D3-BF4B-00C04F79EFBC}") = "HowdyHack2020.App", "HowdyHack2020.App\HowdyHack2020.App.csproj", "{4D1F24C4-C82A-4B1C-8C7A-40219BA64A1C}"
EndProject
Project("{FAE04EC0-301F-11D3-BF4B-00C04F79EFBC}") = "HowdyHack2020.Core", "HowdyHack2020.Core\HowdyHack2020.Core.csproj", "{3742F290-ACEF-4E6B-A7E1-D768F70F9AAB}"
EndProject
Global
	GlobalSection(SolutionConfigurationPlatforms) = preSolution
		Debug|Any CPU = Debug|Any CPU
		Release|Any CPU = Release|Any CPU
	EndGlobalSection
	GlobalSection(ProjectConfigurationPlatforms) = postSolution
		{4D1F24C4-C82A-4B1C-8C7A-40219BA64A1C}.Debug|Any CPU.ActiveCfg = Debug|Any CPU
		{4D1F24C4-C82A-4B1C-8C7A-40219BA64A1C}.Debug|Any CPU.Build.0 = Debug|Any CPU
		{4D1F24C4-C82A-4B1C-8C7A-40219BA64A1C}.Debug|Any CPU.Deploy.0 = Debug|Any CPU
		{4D1F24C4-C82A-4B1C-8C7A-40219BA64A1C}.Release|Any CPU.ActiveCfg = Release|Any CPU
		{4D1F24C4-C82A-4B1C-8C7A-40219BA64A1C}.Release|Any CPU.Build.0 = Release|Any CPU
		{4D1F24C4-C82A-4B1C-8C7A-40219BA64A1C}.Release|Any CPU.Deploy.0 = Release|Any CPU
		{3742F290-ACEF-4E6B-A7E1-D768F70F9AAB}.Debug|Any CPU.ActiveCfg = Debug|Any CPU
		{3742F290-ACEF-4E6B-A7E1-D768F70F9AAB}.Debug|Any CPU.Build.0 = Debug|Any CPU
		{3742F290-ACEF-4E6B-A7E1-D768F70F9AAB}.Release|Any CPU.ActiveCfg = Release|Any CPU
		{3742F290-ACEF-4E6B-A7E1-D768F70F9AAB}.Release|Any CPU.Build.0 = Release|Any CPU
	EndGlobalSection
	GlobalSection(SolutionProperties) = preSolution
		HideSolutionNode = FALSE
	EndGlobalSection
	GlobalSection(ExtensibilityGlobals) = postSolution
		SolutionGuid = {B7600AF2-79BB-454A-BAFE-68CFD5B63345}
	EndGlobalSection
EndGlobal
